# This file was autogenerated by Stack.
# You should not edit this file by hand.
# For more information, please see the documentation at:
#   https://docs.haskellstack.org/en/stable/topics/lock_files

packages:
- completed:
    hackage: isocline-1.0.9@sha256:0127f3051694b0c55fad87debdfa590fe4184faebe1e0fe1e552c9bebfba2bc6,2419
    pantry-tree:
      sha256: 6516783ba24687efeeebb2c32efc9138bb0d8c4d3faa42c69770805cb121959b
      size: 2061
  original:
    hackage: isocline-1.0.9@sha256:0127f3051694b0c55fad87debdfa590fe4184faebe1e0fe1e552c9bebfba2bc6,2419
- completed:
    hackage: optparse-applicative-0.18.1.0@sha256:f30973861ac7e7ebff05ff8c7c3d1e4d283a1f3850e1cc14106b0693ec1b6d82,5289
    pantry-tree:
      sha256: abb295c7aaf194c4cd9ea7201b63e069168ad97cc965e89ec71e09a7c1262de4
      size: 3124
  original:
    hackage: optparse-applicative-0.18.1.0@sha256:f30973861ac7e7ebff05ff8c7c3d1e4d283a1f3850e1cc14106b0693ec1b6d82,5289
snapshots:
- completed:
    sha256: 428ec8d5ce932190d3cbe266b9eb3c175cd81e984babf876b64019e2cbe4ea68
    size: 590100
    url: https://raw.githubusercontent.com/commercialhaskell/stackage-snapshots/master/lts/18/28.yaml
  original: lts-18.28
